
Microsoft Visual Studio Solution File, Format Version 12.00
# Visual Studio Version 17
VisualStudioVersion = 17.8.34525.116
MinimumVisualStudioVersion = 10.0.40219.1
Project("{FAE04EC0-301F-11D3-BF4B-00C04F79EFBC}") = "FileManagementExerciseOne", "FileManagementExerciseOne.csproj", "{CAD03A06-36F2-4B46-AF6E-EA50C6727422}"
EndProject
Global
	GlobalSection(SolutionConfigurationPlatforms) = preSolution
		Debug|Any CPU = Debug|Any CPU
		Release|Any CPU = Release|Any CPU
	EndGlobalSection
	GlobalSection(ProjectConfigurationPlatforms) = postSolution
		{CAD03A06-36F2-4B46-AF6E-EA50C6727422}.Debug|Any CPU.ActiveCfg = Debug|Any CPU
		{CAD03A06-36F2-4B46-AF6E-EA50C6727422}.Debug|Any CPU.Build.0 = Debug|Any CPU
		{CAD03A06-36F2-4B46-AF6E-EA50C6727422}.Release|Any CPU.ActiveCfg = Release|Any CPU
		{CAD03A06-36F2-4B46-AF6E-EA50C6727422}.Release|Any CPU.Build.0 = Release|Any CPU
	EndGlobalSection
	GlobalSection(SolutionProperties) = preSolution
		HideSolutionNode = FALSE
	EndGlobalSection
	GlobalSection(ExtensibilityGlobals) = postSolution
		SolutionGuid = {D36F4B2B-78EE-4051-84DD-86C74E0FE435}
	EndGlobalSection
EndGlobal
